
Microsoft Visual Studio Solution File, Format Version 12.00
# Visual Studio 15
VisualStudioVersion = 15.0.27130.2036
MinimumVisualStudioVersion = 10.0.40219.1
Project("{FAE04EC0-301F-11D3-BF4B-00C04F79EFBC}") = "CreateRegion", "CreateRegion\CreateRegion.csproj", "{000D1C61-BD4E-4F79-9842-D1D21054477E}"
EndProject
Global
	GlobalSection(SolutionConfigurationPlatforms) = preSolution
		Debug|Any CPU = Debug|Any CPU
		Release|Any CPU = Release|Any CPU
	EndGlobalSection
	GlobalSection(ProjectConfigurationPlatforms) = postSolution
		{000D1C61-BD4E-4F79-9842-D1D21054477E}.Debug|Any CPU.ActiveCfg = Debug|Any CPU
		{000D1C61-BD4E-4F79-9842-D1D21054477E}.Debug|Any CPU.Build.0 = Debug|Any CPU
		{000D1C61-BD4E-4F79-9842-D1D21054477E}.Release|Any CPU.ActiveCfg = Release|Any CPU
		{000D1C61-BD4E-4F79-9842-D1D21054477E}.Release|Any CPU.Build.0 = Release|Any CPU
	EndGlobalSection
	GlobalSection(SolutionProperties) = preSolution
		HideSolutionNode = FALSE
	EndGlobalSection
	GlobalSection(ExtensibilityGlobals) = postSolution
		SolutionGuid = {00F0AB88-3D75-4C17-8325-B1A9BA4783B1}
	EndGlobalSection
EndGlobal
